
Microsoft Visual Studio Solution File, Format Version 12.00
# Visual Studio Version 17
VisualStudioVersion = 17.0.31903.59
MinimumVisualStudioVersion = 10.0.40219.1
Project("{FAE04EC0-301F-11D3-BF4B-00C04F79EFBC}") = "Api", "src\Api\Api.csproj", "{9999179C-3923-4322-BFFF-8D41803C0656}"
EndProject
Global
	GlobalSection(SolutionConfigurationPlatforms) = preSolution
		Debug|Any CPU = Debug|Any CPU
		Release|Any CPU = Release|Any CPU
	EndGlobalSection
	GlobalSection(ProjectConfigurationPlatforms) = postSolution
		{9999179C-3923-4322-BFFF-8D41803C0656}.Debug|Any CPU.ActiveCfg = Debug|Any CPU
		{9999179C-3923-4322-BFFF-8D41803C0656}.Debug|Any CPU.Build.0 = Debug|Any CPU
		{9999179C-3923-4322-BFFF-8D41803C0656}.Release|Any CPU.ActiveCfg = Release|Any CPU
		{9999179C-3923-4322-BFFF-8D41803C0656}.Release|Any CPU.Build.0 = Release|Any CPU
	EndGlobalSection
	GlobalSection(SolutionProperties) = preSolution
		HideSolutionNode = FALSE
	EndGlobalSection
	GlobalSection(ExtensibilityGlobals) = postSolution
		SolutionGuid = {9C60EA23-1F63-4B88-B942-48843FE81FB8}
	EndGlobalSection
EndGlobal
